
Microsoft Visual Studio Solution File, Format Version 12.00
# Visual Studio Version 17
VisualStudioVersion = 17.13.36105.23 d17.13
MinimumVisualStudioVersion = 10.0.40219.1
Project("{FAE04EC0-301F-11D3-BF4B-00C04F79EFBC}") = "EjercicioLINQ", "EjercicioLINQ\EjercicioLINQ.csproj", "{95DBBF74-48E4-4320-94F5-81AA855412FD}"
EndProject
Global
	GlobalSection(SolutionConfigurationPlatforms) = preSolution
		Debug|Any CPU = Debug|Any CPU
		Release|Any CPU = Release|Any CPU
	EndGlobalSection
	GlobalSection(ProjectConfigurationPlatforms) = postSolution
		{95DBBF74-48E4-4320-94F5-81AA855412FD}.Debug|Any CPU.ActiveCfg = Debug|Any CPU
		{95DBBF74-48E4-4320-94F5-81AA855412FD}.Debug|Any CPU.Build.0 = Debug|Any CPU
		{95DBBF74-48E4-4320-94F5-81AA855412FD}.Release|Any CPU.ActiveCfg = Release|Any CPU
		{95DBBF74-48E4-4320-94F5-81AA855412FD}.Release|Any CPU.Build.0 = Release|Any CPU
	EndGlobalSection
	GlobalSection(SolutionProperties) = preSolution
		HideSolutionNode = FALSE
	EndGlobalSection
	GlobalSection(ExtensibilityGlobals) = postSolution
		SolutionGuid = {87D06C51-98CF-4F4E-90F9-C6339C5879C1}
	EndGlobalSection
EndGlobal
