
Microsoft Visual Studio Solution File, Format Version 12.00
# Visual Studio Version 17
VisualStudioVersion = 17.13.35828.75 d17.13
MinimumVisualStudioVersion = 10.0.40219.1
Project("{FAE04EC0-301F-11D3-BF4B-00C04F79EFBC}") = "ComboBox", "ComboBox\ComboBox.csproj", "{83D1E698-371A-4A9D-AF44-D056D404181C}"
EndProject
Global
	GlobalSection(SolutionConfigurationPlatforms) = preSolution
		Debug|Any CPU = Debug|Any CPU
		Release|Any CPU = Release|Any CPU
	EndGlobalSection
	GlobalSection(ProjectConfigurationPlatforms) = postSolution
		{83D1E698-371A-4A9D-AF44-D056D404181C}.Debug|Any CPU.ActiveCfg = Debug|Any CPU
		{83D1E698-371A-4A9D-AF44-D056D404181C}.Debug|Any CPU.Build.0 = Debug|Any CPU
		{83D1E698-371A-4A9D-AF44-D056D404181C}.Release|Any CPU.ActiveCfg = Release|Any CPU
		{83D1E698-371A-4A9D-AF44-D056D404181C}.Release|Any CPU.Build.0 = Release|Any CPU
	EndGlobalSection
	GlobalSection(SolutionProperties) = preSolution
		HideSolutionNode = FALSE
	EndGlobalSection
	GlobalSection(ExtensibilityGlobals) = postSolution
		SolutionGuid = {97341FA7-EBDF-43CB-A250-1CF414D04EF6}
	EndGlobalSection
EndGlobal
