
Microsoft Visual Studio Solution File, Format Version 12.00
# Visual Studio Version 17
VisualStudioVersion = 17.9.34616.47
MinimumVisualStudioVersion = 10.0.40219.1
Project("{FAE04EC0-301F-11D3-BF4B-00C04F79EFBC}") = "wcfcalculadora", "wcfcalculadora\wcfcalculadora.csproj", "{3DCB1C77-7B11-40F7-A5ED-6F2736E23A19}"
EndProject
Global
	GlobalSection(SolutionConfigurationPlatforms) = preSolution
		Debug|Any CPU = Debug|Any CPU
		Release|Any CPU = Release|Any CPU
	EndGlobalSection
	GlobalSection(ProjectConfigurationPlatforms) = postSolution
		{3DCB1C77-7B11-40F7-A5ED-6F2736E23A19}.Debug|Any CPU.ActiveCfg = Debug|Any CPU
		{3DCB1C77-7B11-40F7-A5ED-6F2736E23A19}.Debug|Any CPU.Build.0 = Debug|Any CPU
		{3DCB1C77-7B11-40F7-A5ED-6F2736E23A19}.Release|Any CPU.ActiveCfg = Release|Any CPU
		{3DCB1C77-7B11-40F7-A5ED-6F2736E23A19}.Release|Any CPU.Build.0 = Release|Any CPU
	EndGlobalSection
	GlobalSection(SolutionProperties) = preSolution
		HideSolutionNode = FALSE
	EndGlobalSection
	GlobalSection(ExtensibilityGlobals) = postSolution
		SolutionGuid = {2D20FD28-2591-4470-BF7E-916AD89746FA}
	EndGlobalSection
EndGlobal
